
Microsoft Visual Studio Solution File, Format Version 12.00
# Visual Studio Version 17
VisualStudioVersion = 17.0.31903.59
MinimumVisualStudioVersion = 10.0.40219.1
Project("{2150E333-8FDC-42A3-9474-1A3956D46DE8}") = "src", "src", "{0DF04433-43F6-45C9-86BA-744356BC7810}"
EndProject
Project("{FAE04EC0-301F-11D3-BF4B-00C04F79EFBC}") = "CloudflareDnsync.Cli", "src\CloudflareDnsync.Cli\CloudflareDnsync.Cli.csproj", "{5B7CD32D-1472-47E7-8959-14D7618AC151}"
EndProject
Project("{FAE04EC0-301F-11D3-BF4B-00C04F79EFBC}") = "CloudflareDnsync.Services", "src\CloudflareDnsync.Services\CloudflareDnsync.Services.csproj", "{91D9B0C3-11A7-4849-87D3-527A39534742}"
EndProject
Project("{FAE04EC0-301F-11D3-BF4B-00C04F79EFBC}") = "CloudflareDnsync.Models", "src\CloudflareDnsync.Models\CloudflareDnsync.Models.csproj", "{4A11B82F-DFA4-4BC9-999A-1D58B9771A18}"
EndProject
Global
	GlobalSection(SolutionConfigurationPlatforms) = preSolution
		Debug|Any CPU = Debug|Any CPU
		Release|Any CPU = Release|Any CPU
	EndGlobalSection
	GlobalSection(ProjectConfigurationPlatforms) = postSolution
		{5B7CD32D-1472-47E7-8959-14D7618AC151}.Debug|Any CPU.ActiveCfg = Debug|Any CPU
		{5B7CD32D-1472-47E7-8959-14D7618AC151}.Debug|Any CPU.Build.0 = Debug|Any CPU
		{5B7CD32D-1472-47E7-8959-14D7618AC151}.Release|Any CPU.ActiveCfg = Release|Any CPU
		{5B7CD32D-1472-47E7-8959-14D7618AC151}.Release|Any CPU.Build.0 = Release|Any CPU
		{91D9B0C3-11A7-4849-87D3-527A39534742}.Debug|Any CPU.ActiveCfg = Debug|Any CPU
		{91D9B0C3-11A7-4849-87D3-527A39534742}.Debug|Any CPU.Build.0 = Debug|Any CPU
		{91D9B0C3-11A7-4849-87D3-527A39534742}.Release|Any CPU.ActiveCfg = Release|Any CPU
		{91D9B0C3-11A7-4849-87D3-527A39534742}.Release|Any CPU.Build.0 = Release|Any CPU
		{4A11B82F-DFA4-4BC9-999A-1D58B9771A18}.Debug|Any CPU.ActiveCfg = Debug|Any CPU
		{4A11B82F-DFA4-4BC9-999A-1D58B9771A18}.Debug|Any CPU.Build.0 = Debug|Any CPU
		{4A11B82F-DFA4-4BC9-999A-1D58B9771A18}.Release|Any CPU.ActiveCfg = Release|Any CPU
		{4A11B82F-DFA4-4BC9-999A-1D58B9771A18}.Release|Any CPU.Build.0 = Release|Any CPU
	EndGlobalSection
	GlobalSection(SolutionProperties) = preSolution
		HideSolutionNode = FALSE
	EndGlobalSection
	GlobalSection(NestedProjects) = preSolution
		{5B7CD32D-1472-47E7-8959-14D7618AC151} = {0DF04433-43F6-45C9-86BA-744356BC7810}
		{91D9B0C3-11A7-4849-87D3-527A39534742} = {0DF04433-43F6-45C9-86BA-744356BC7810}
		{4A11B82F-DFA4-4BC9-999A-1D58B9771A18} = {0DF04433-43F6-45C9-86BA-744356BC7810}
	EndGlobalSection
EndGlobal
